{
    "_readme": [
        "This file locks the dependencies of your project to a known state",
        "Read more about it at https://getcomposer.org/doc/01-basic-usage.md#installing-dependencies",
        "This file is @generated automatically"
    ],
    "content-hash": "d328a4e648b7e372b7ffc13325f38c86",
    "packages": [
        {
            "name": "composer/installers",
            "version": "v1.9.0",
            "source": {
                "type": "git",
                "url": "https://github.com/composer/installers.git",
                "reference": "b93bcf0fa1fccb0b7d176b0967d969691cd74cca"
            },
            "dist": {
                "type": "zip",
                "url": "https://api.github.com/repos/composer/installers/zipball/b93bcf0fa1fccb0b7d176b0967d969691cd74cca",
                "reference": "b93bcf0fa1fccb0b7d176b0967d969691cd74cca",
                "shasum": ""
            },
            "require": {
                "composer-plugin-api": "^1.0 || ^2.0"
            },
            "replace": {
                "roundcube/plugin-installer": "*",
                "shama/baton": "*"
            },
            "require-dev": {
                "composer/composer": "1.6.* || 2.0.*@dev",
                "composer/semver": "1.0.* || 2.0.*@dev",
                "phpunit/phpunit": "^4.8.36",
                "sebastian/comparator": "^1.2.4",
                "symfony/process": "^2.3"
            },
            "type": "composer-plugin",
            "extra": {
                "class": "Composer\\Installers\\Plugin",
                "branch-alias": {
                    "dev-master": "1.0-dev"
                }
            },
            "autoload": {
                "psr-4": {
                    "Composer\\Installers\\": "src/Composer/Installers"
                }
            },
            "notification-url": "https://packagist.org/downloads/",
            "license": [
                "MIT"
            ],
            "authors": [
                {
                    "name": "Kyle Robinson Young",
                    "email": "kyle@dontkry.com",
                    "homepage": "https://github.com/shama"
                }
            ],
            "description": "A multi-framework Composer library installer",
            "homepage": "https://composer.github.io/installers/",
            "keywords": [
                "Craft",
                "Dolibarr",
                "Eliasis",
                "Hurad",
                "ImageCMS",
                "Kanboard",
                "Lan Management System",
                "MODX Evo",
                "MantisBT",
                "Mautic",
                "Maya",
                "OXID",
                "Plentymarkets",
                "Porto",
                "RadPHP",
                "SMF",
                "Thelia",
                "Whmcs",
                "WolfCMS",
                "agl",
                "aimeos",
                "annotatecms",
                "attogram",
                "bitrix",
                "cakephp",
                "chef",
                "cockpit",
                "codeigniter",
                "concrete5",
                "croogo",
                "dokuwiki",
                "drupal",
                "eZ Platform",
                "elgg",
                "expressionengine",
                "fuelphp",
                "grav",
                "installer",
                "itop",
                "joomla",
                "known",
                "kohana",
                "laravel",
                "lavalite",
                "lithium",
                "magento",
                "majima",
                "mako",
                "mediawiki",
                "modulework",
                "modx",
                "moodle",
                "osclass",
                "phpbb",
                "piwik",
                "ppi",
                "puppet",
                "pxcms",
                "reindex",
                "roundcube",
                "shopware",
                "silverstripe",
                "sydes",
                "sylius",
                "symfony",
                "typo3",
                "wordpress",
                "yawik",
                "zend",
                "zikula"
            ],
            "funding": [
                {
                    "url": "https://packagist.com",
                    "type": "custom"
                },
                {
                    "url": "https://tidelift.com/funding/github/packagist/composer/composer",
                    "type": "tidelift"
                }
            ],
            "time": "2020-04-07T06:57:05+00:00"
        },
        {
            "name": "forked/mail_mime-decode",
            "version": "v1.5.6.4",
            "source": {
                "type": "git",
                "url": "https://github.com/techno-express/Mail_mimeDecode.git",
                "reference": "98b60ff1403771e672db603b1cc99cec0b89e6f2"
            },
            "dist": {
                "type": "zip",
                "url": "https://api.github.com/repos/techno-express/Mail_mimeDecode/zipball/98b60ff1403771e672db603b1cc99cec0b89e6f2",
                "reference": "98b60ff1403771e672db603b1cc99cec0b89e6f2",
                "shasum": ""
            },
            "require": {
                "pear/mail_mime": "^1.10",
                "pear/pear-core-minimal": "*"
            },
            "type": "library",
            "autoload": {
                "files": [
                    "Mail/mimeDecode.php"
                ],
                "psr-4": {
                    "Mail\\": "vendor/pear/mail-mime/Mail/",
                    "Pear\\": "vendor/pear/pear-core-minimal/src/"
                }
            },
            "notification-url": "https://packagist.org/downloads/",
            "include-path": [
                "./"
            ],
            "license": [
                "BSD-3-clause"
            ],
            "authors": [
                {
                    "name": "Alan Knowles",
                    "email": "alan@roojs.com",
                    "homepage": "http://www.roojs.com",
                    "role": "Lead"
                },
                {
                    "name": "Cipriano Groenendal",
                    "email": "cipri@php.net",
                    "role": "Lead"
                },
                {
                    "name": "George Schlossnagle",
                    "email": "alec@php.net",
                    "role": "Developer, inactive"
                }
            ],
            "description": "Provides a class to decode mime messages. A updated fork of pear/mail_mime-decode.",
            "homepage": "http://pear.php.net/package/Mail_mimeDecode",
            "time": "2019-11-15T00:47:02+00:00"
        },
        {
            "name": "forked/mailreader",
            "version": "1.0.1",
            "source": {
                "type": "git",
                "url": "https://github.com/techno-express/mailreader.git",
                "reference": "3c69944f516c44825e3344ecc509e851fe11e275"
            },
            "dist": {
                "type": "zip",
                "url": "https://api.github.com/repos/techno-express/mailreader/zipball/3c69944f516c44825e3344ecc509e851fe11e275",
                "reference": "3c69944f516c44825e3344ecc509e851fe11e275",
                "shasum": ""
            },
            "require": {
                "forked/mail_mime-decode": "^1.5.6.1",
                "php": ">5.6"
            },
            "require-dev": {
                "phpunit/phpunit": ">5.7"
            },
            "suggest": {
                "ext-iconv": "For best support/performance",
                "ext-mbstring": "For best support/performance"
            },
            "type": "library",
            "autoload": {
                "files": [
                    "decode/functions.php"
                ],
                "psr-4": {
                    "Mail\\": "decode/"
                }
            },
            "notification-url": "https://packagist.org/downloads/",
            "license": [
                "LGPL-3.0-or-later"
            ],
            "authors": [
                {
                    "name": "Michael Moore",
                    "email": "stuporglue@gmail.com",
                    "homepage": "http://stuporglue.org"
                },
                {
                    "name": "Lawrence Stubbs",
                    "email": "lstubbs@techno.express"
                }
            ],
            "description": "A fully tested simple email reader parser for PHP 5.6+.",
            "homepage": "https://github.com/techno-express/mailreader",
            "keywords": [
                "decode",
                "email",
                "parser",
                "pipe",
                "reader"
            ],
            "time": "2019-11-13T13:53:18+00:00"
        },
        {
            "name": "pear/console_getopt",
            "version": "v1.4.3",
            "source": {
                "type": "git",
                "url": "https://github.com/pear/Console_Getopt.git",
                "reference": "a41f8d3e668987609178c7c4a9fe48fecac53fa0"
            },
            "dist": {
                "type": "zip",
                "url": "https://api.github.com/repos/pear/Console_Getopt/zipball/a41f8d3e668987609178c7c4a9fe48fecac53fa0",
                "reference": "a41f8d3e668987609178c7c4a9fe48fecac53fa0",
                "shasum": ""
            },
            "type": "library",
            "autoload": {
                "psr-0": {
                    "Console": "./"
                }
            },
            "notification-url": "https://packagist.org/downloads/",
            "include-path": [
                "./"
            ],
            "license": [
                "BSD-2-Clause"
            ],
            "authors": [
                {
                    "name": "Andrei Zmievski",
                    "email": "andrei@php.net",
                    "role": "Lead"
                },
                {
                    "name": "Stig Bakken",
                    "email": "stig@php.net",
                    "role": "Developer"
                },
                {
                    "name": "Greg Beaver",
                    "email": "cellog@php.net",
                    "role": "Helper"
                }
            ],
            "description": "More info available on: http://pear.php.net/package/Console_Getopt",
            "time": "2019-11-20T18:27:48+00:00"
        },
        {
            "name": "pear/mail_mime",
            "version": "1.10.7",
            "source": {
                "type": "git",
                "url": "https://github.com/pear/Mail_Mime.git",
                "reference": "4b4c1f9c2850e9fd646ea6a25f11d4735b36edbd"
            },
            "dist": {
                "type": "zip",
                "url": "https://api.github.com/repos/pear/Mail_Mime/zipball/4b4c1f9c2850e9fd646ea6a25f11d4735b36edbd",
                "reference": "4b4c1f9c2850e9fd646ea6a25f11d4735b36edbd",
                "shasum": ""
            },
            "require": {
                "pear/pear-core-minimal": "*"
            },
            "type": "library",
            "autoload": {
                "psr-0": {
                    "Mail": "./"
                }
            },
            "notification-url": "https://packagist.org/downloads/",
            "include-path": [
                "./"
            ],
            "license": [
                "BSD-3-clause"
            ],
            "authors": [
                {
                    "name": "Cipriano Groenendal",
                    "email": "cipri@php.net",
                    "role": "Lead"
                },
                {
                    "name": "Aleksander Machniak",
                    "email": "alec@php.net",
                    "role": "Lead"
                }
            ],
            "description": "Mail_Mime provides classes to create MIME messages",
            "homepage": "http://pear.php.net/package/Mail_Mime",
            "time": "2020-03-01T07:54:36+00:00"
        },
        {
            "name": "pear/pear-core-minimal",
            "version": "v1.10.10",
            "source": {
                "type": "git",
                "url": "https://github.com/pear/pear-core-minimal.git",
                "reference": "625a3c429d9b2c1546438679074cac1b089116a7"
            },
            "dist": {
                "type": "zip",
                "url": "https://api.github.com/repos/pear/pear-core-minimal/zipball/625a3c429d9b2c1546438679074cac1b089116a7",
                "reference": "625a3c429d9b2c1546438679074cac1b089116a7",
                "shasum": ""
            },
            "require": {
                "pear/console_getopt": "~1.4",
                "pear/pear_exception": "~1.0"
            },
            "replace": {
                "rsky/pear-core-min": "self.version"
            },
            "type": "library",
            "autoload": {
                "psr-0": {
                    "": "src/"
                }
            },
            "notification-url": "https://packagist.org/downloads/",
            "include-path": [
                "src/"
            ],
            "license": [
                "BSD-3-Clause"
            ],
            "authors": [
                {
                    "name": "Christian Weiske",
                    "email": "cweiske@php.net",
                    "role": "Lead"
                }
            ],
            "description": "Minimal set of PEAR core files to be used as composer dependency",
            "time": "2019-11-19T19:00:24+00:00"
        },
        {
            "name": "pear/pear_exception",
            "version": "v1.0.1",
            "source": {
                "type": "git",
                "url": "https://github.com/pear/PEAR_Exception.git",
                "reference": "dbb42a5a0e45f3adcf99babfb2a1ba77b8ac36a7"
            },
            "dist": {
                "type": "zip",
                "url": "https://api.github.com/repos/pear/PEAR_Exception/zipball/dbb42a5a0e45f3adcf99babfb2a1ba77b8ac36a7",
                "reference": "dbb42a5a0e45f3adcf99babfb2a1ba77b8ac36a7",
                "shasum": ""
            },
            "require": {
                "php": ">=4.4.0"
            },
            "require-dev": {
                "phpunit/phpunit": "*"
            },
            "type": "class",
            "extra": {
                "branch-alias": {
                    "dev-master": "1.0.x-dev"
                }
            },
            "autoload": {
                "classmap": [
                    "PEAR/"
                ]
            },
            "notification-url": "https://packagist.org/downloads/",
            "include-path": [
                "."
            ],
            "license": [
                "BSD-2-Clause"
            ],
            "authors": [
                {
                    "name": "Helgi Thormar",
                    "email": "dufuz@php.net"
                },
                {
                    "name": "Greg Beaver",
                    "email": "cellog@php.net"
                }
            ],
            "description": "The PEAR Exception base class.",
            "homepage": "https://github.com/pear/PEAR_Exception",
            "keywords": [
                "exception"
            ],
            "time": "2019-12-10T10:24:42+00:00"
        }
    ],
    "packages-dev": [],
    "aliases": [],
    "minimum-stability": "stable",
    "stability-flags": [],
    "prefer-stable": false,
    "prefer-lowest": false,
    "platform": [],
    "platform-dev": [],
    "plugin-api-version": "1.1.0"
}
